// !$*UTF8*$!
{
	archiveVersion = 1;
	classes = {
	};
	objectVersion = 46;
	objects = {

/* Begin PBXBuildFile section */
		592DEE2C1A9B26AC00F20EDC /* main.m in Sources */ = {isa = PBXBuildFile; fileRef = 592DEE2B1A9B26AC00F20EDC /* main.m */; };
		592DEE2F1A9B26AC00F20EDC /* AppDelegate.m in Sources */ = {isa = PBXBuildFile; fileRef = 592DEE2E1A9B26AC00F20EDC /* AppDelegate.m */; };
		592DEE321A9B26AC00F20EDC /* ViewController.m in Sources */ = {isa = PBXBuildFile; fileRef = 592DEE311A9B26AC00F20EDC /* ViewController.m */; };
		592DEE351A9B26AC00F20EDC /* Main.storyboard in Resources */ = {isa = PBXBuildFile; fileRef = 592DEE331A9B26AC00F20EDC /* Main.storyboard */; };
		592DEE371A9B26AC00F20EDC /* Images.xcassets in Resources */ = {isa = PBXBuildFile; fileRef = 592DEE361A9B26AC00F20EDC /* Images.xcassets */; };
		592DEE3A1A9B26AC00F20EDC /* LaunchScreen.xib in Resources */ = {isa = PBXBuildFile; fileRef = 592DEE381A9B26AC00F20EDC /* LaunchScreen.xib */; };
		592DEE461A9B26AC00F20EDC /* TPLAnimatableIconsExampleTests.m in Sources */ = {isa = PBXBuildFile; fileRef = 592DEE451A9B26AC00F20EDC /* TPLAnimatableIconsExampleTests.m */; };
/* End PBXBuildFile section */

/* Begin PBXContainerItemProxy section */
		592DEE401A9B26AC00F20EDC /* PBXContainerItemProxy */ = {
			isa = PBXContainerItemProxy;
			containerPortal = 592DEE1E1A9B26AC00F20EDC /* Project object */;
			proxyType = 1;
			remoteGlobalIDString = 592DEE251A9B26AC00F20EDC;
			remoteInfo = TPLAnimatableIconsExample;
		};
/* End PBXContainerItemProxy section */

/* Begin PBXFileReference section */
		592DEE261A9B26AC00F20EDC /* TPLAnimatableIconsExample.app */ = {isa = PBXFileReference; explicitFileType = wrapper.application; includeInIndex = 0; path = TPLAnimatableIconsExample.app; sourceTree = BUILT_PRODUCTS_DIR; };
		592DEE2A1A9B26AC00F20EDC /* Info.plist */ = {isa = PBXFileReference; lastKnownFileType = text.plist.xml; path = Info.plist; sourceTree = "<group>"; };
		592DEE2B1A9B26AC00F20EDC /* main.m */ = {isa = PBXFileReference; lastKnownFileType = sourcecode.c.objc; path = main.m; sourceTree = "<group>"; };
		592DEE2D1A9B26AC00F20EDC /* AppDelegate.h */ = {isa = PBXFileReference; lastKnownFileType = sourcecode.c.h; path = AppDelegate.h; sourceTree = "<group>"; };
		592DEE2E1A9B26AC00F20EDC /* AppDelegate.m */ = {isa = PBXFileReference; lastKnownFileType = sourcecode.c.objc; path = AppDelegate.m; sourceTree = "<group>"; };
		592DEE301A9B26AC00F20EDC /* ViewController.h */ = {isa = PBXFileReference; lastKnownFileType = sourcecode.c.h; path = ViewController.h; sourceTree = "<group>"; };
		592DEE311A9B26AC00F20EDC /* ViewController.m */ = {isa = PBXFileReference; lastKnownFileType = sourcecode.c.objc; path = ViewController.m; sourceTree = "<group>"; };
		592DEE341A9B26AC00F20EDC /* Base */ = {isa = PBXFileReference; lastKnownFileType = file.storyboard; name = Base; path = Base.lproj/Main.storyboard; sourceTree = "<group>"; };
		592DEE361A9B26AC00F20EDC /* Images.xcassets */ = {isa = PBXFileReference; lastKnownFileType = folder.assetcatalog; path = Images.xcassets; sourceTree = "<group>"; };
		592DEE391A9B26AC00F20EDC /* Base */ = {isa = PBXFileReference; lastKnownFileType = file.xib; name = Base; path = Base.lproj/LaunchScreen.xib; sourceTree = "<group>"; };
		592DEE3F1A9B26AC00F20EDC /* TPLAnimatableIconsExampleTests.xctest */ = {isa = PBXFileReference; explicitFileType = wrapper.cfbundle; includeInIndex = 0; path = TPLAnimatableIconsExampleTests.xctest; sourceTree = BUILT_PRODUCTS_DIR; };
		592DEE441A9B26AC00F20EDC /* Info.plist */ = {isa = PBXFileReference; lastKnownFileType = text.plist.xml; path = Info.plist; sourceTree = "<group>"; };
		592DEE451A9B26AC00F20EDC /* TPLAnimatableIconsExampleTests.m */ = {isa = PBXFileReference; lastKnownFileType = sourcecode.c.objc; path = TPLAnimatableIconsExampleTests.m; sourceTree = "<group>"; };
/* End PBXFileReference section */

/* Begin PBXFrameworksBuildPhase section */
		592DEE231A9B26AC00F20EDC /* Frameworks */ = {
			isa = PBXFrameworksBuildPhase;
			buildActionMask = 2147483647;
			files = (
			);
			runOnlyForDeploymentPostprocessing = 0;
		};
		592DEE3C1A9B26AC00F20EDC /* Frameworks */ = {
			isa = PBXFrameworksBuildPhase;
			buildActionMask = 2147483647;
			files = (
			);
			runOnlyForDeploymentPostprocessing = 0;
		};
/* End PBXFrameworksBuildPhase section */

/* Begin PBXGroup section */
		592DEE1D1A9B26AC00F20EDC = {
			isa = PBXGroup;
			children = (
				592DEE281A9B26AC00F20EDC /* TPLAnimatableIconsExample */,
				592DEE421A9B26AC00F20EDC /* TPLAnimatableIconsExampleTests */,
				592DEE271A9B26AC00F20EDC /* Products */,
			);
			sourceTree = "<group>";
		};
		592DEE271A9B26AC00F20EDC /* Products */ = {
			isa = PBXGroup;
			children = (
				592DEE261A9B26AC00F20EDC /* TPLAnimatableIconsExample.app */,
				592DEE3F1A9B26AC00F20EDC /* TPLAnimatableIconsExampleTests.xctest */,
			);
			name = Products;
			sourceTree = "<group>";
		};
		592DEE281A9B26AC00F20EDC /* TPLAnimatableIconsExample */ = {
			isa = PBXGroup;
			children = (
				592DEE2D1A9B26AC00F20EDC /* AppDelegate.h */,
				592DEE2E1A9B26AC00F20EDC /* AppDelegate.m */,
				592DEE301A9B26AC00F20EDC /* ViewController.h */,
				592DEE311A9B26AC00F20EDC /* ViewController.m */,
				592DEE331A9B26AC00F20EDC /* Main.storyboard */,
				592DEE361A9B26AC00F20EDC /* Images.xcassets */,
				592DEE381A9B26AC00F20EDC /* LaunchScreen.xib */,
				592DEE291A9B26AC00F20EDC /* Supporting Files */,
			);
			path = TPLAnimatableIconsExample;
			sourceTree = "<group>";
		};
		592DEE291A9B26AC00F20EDC /* Supporting Files */ = {
			isa = PBXGroup;
			children = (
				592DEE2A1A9B26AC00F20EDC /* Info.plist */,
				592DEE2B1A9B26AC00F20EDC /* main.m */,
			);
			name = "Supporting Files";
			sourceTree = "<group>";
		};
		592DEE421A9B26AC00F20EDC /* TPLAnimatableIconsExampleTests */ = {
			isa = PBXGroup;
			children = (
				592DEE451A9B26AC00F20EDC /* TPLAnimatableIconsExampleTests.m */,
				592DEE431A9B26AC00F20EDC /* Supporting Files */,
			);
			path = TPLAnimatableIconsExampleTests;
			sourceTree = "<group>";
		};
		592DEE431A9B26AC00F20EDC /* Supporting Files */ = {
			isa = PBXGroup;
			children = (
				592DEE441A9B26AC00F20EDC /* Info.plist */,
			);
			name = "Supporting Files";
			sourceTree = "<group>";
		};
/* End PBXGroup section */

/* Begin PBXNativeTarget section */
		592DEE251A9B26AC00F20EDC /* TPLAnimatableIconsExample */ = {
			isa = PBXNativeTarget;
			buildConfigurationList = 592DEE491A9B26AC00F20EDC /* Build configuration list for PBXNativeTarget "TPLAnimatableIconsExample" */;
			buildPhases = (
				592DEE221A9B26AC00F20EDC /* Sources */,
				592DEE231A9B26AC00F20EDC /* Frameworks */,
				592DEE241A9B26AC00F20EDC /* Resources */,
			);
			buildRules = (
			);
			dependencies = (
			);
			name = TPLAnimatableIconsExample;
			productName = TPLAnimatableIconsExample;
			productReference = 592DEE261A9B26AC00F20EDC /* TPLAnimatableIconsExample.app */;
			productType = "com.apple.product-type.application";
		};
		592DEE3E1A9B26AC00F20EDC /* TPLAnimatableIconsExampleTests */ = {
			isa = PBXNativeTarget;
			buildConfigurationList = 592DEE4C1A9B26AC00F20EDC /* Build configuration list for PBXNativeTarget "TPLAnimatableIconsExampleTests" */;
			buildPhases = (
				592DEE3B1A9B26AC00F20EDC /* Sources */,
				592DEE3C1A9B26AC00F20EDC /* Frameworks */,
				592DEE3D1A9B26AC00F20EDC /* Resources */,
			);
			buildRules = (
			);
			dependencies = (
				592DEE411A9B26AC00F20EDC /* PBXTargetDependency */,
			);
			name = TPLAnimatableIconsExampleTests;
			productName = TPLAnimatableIconsExampleTests;
			productReference = 592DEE3F1A9B26AC00F20EDC /* TPLAnimatableIconsExampleTests.xctest */;
			productType = "com.apple.product-type.bundle.unit-test";
		};
/* End PBXNativeTarget section */

/* Begin PBXProject section */
		592DEE1E1A9B26AC00F20EDC /* Project object */ = {
			isa = PBXProject;
			attributes = {
				LastUpgradeCheck = 0610;
				ORGANIZATIONNAME = "Christoph Pageler";
				TargetAttributes = {
					592DEE251A9B26AC00F20EDC = {
						CreatedOnToolsVersion = 6.1.1;
					};
					592DEE3E1A9B26AC00F20EDC = {
						CreatedOnToolsVersion = 6.1.1;
						TestTargetID = 592DEE251A9B26AC00F20EDC;
					};
				};
			};
			buildConfigurationList = 592DEE211A9B26AC00F20EDC /* Build configuration list for PBXProject "TPLAnimatableIconsExample" */;
			compatibilityVersion = "Xcode 3.2";
			developmentRegion = English;
			hasScannedForEncodings = 0;
			knownRegions = (
				en,
				Base,
			);
			mainGroup = 592DEE1D1A9B26AC00F20EDC;
			productRefGroup = 592DEE271A9B26AC00F20EDC /* Products */;
			projectDirPath = "";
			projectRoot = "";
			targets = (
				592DEE251A9B26AC00F20EDC /* TPLAnimatableIconsExample */,
				592DEE3E1A9B26AC00F20EDC /* TPLAnimatableIconsExampleTests */,
			);
		};
/* End PBXProject section */

/* Begin PBXResourcesBuildPhase section */
		592DEE241A9B26AC00F20EDC /* Resources */ = {
			isa = PBXResourcesBuildPhase;
			buildActionMask = 2147483647;
			files = (
				592DEE351A9B26AC00F20EDC /* Main.storyboard in Resources */,
				592DEE3A1A9B26AC00F20EDC /* LaunchScreen.xib in Resources */,
				592DEE371A9B26AC00F20EDC /* Images.xcassets in Resources */,
			);
			runOnlyForDeploymentPostprocessing = 0;
		};
		592DEE3D1A9B26AC00F20EDC /* Resources */ = {
			isa = PBXResourcesBuildPhase;
			buildActionMask = 2147483647;
			files = (
			);
			runOnlyForDeploymentPostprocessing = 0;
		};
/* End PBXResourcesBuildPhase section */

/* Begin PBXSourcesBuildPhase section */
		592DEE221A9B26AC00F20EDC /* Sources */ = {
			isa = PBXSourcesBuildPhase;
			buildActionMask = 2147483647;
			files = (
				592DEE321A9B26AC00F20EDC /* ViewController.m in Sources */,
				592DEE2F1A9B26AC00F20EDC /* AppDelegate.m in Sources */,
				592DEE2C1A9B26AC00F20EDC /* main.m in Sources */,
			);
			runOnlyForDeploymentPostprocessing = 0;
		};
		592DEE3B1A9B26AC00F20EDC /* Sources */ = {
			isa = PBXSourcesBuildPhase;
			buildActionMask = 2147483647;
			files = (
				592DEE461A9B26AC00F20EDC /* TPLAnimatableIconsExampleTests.m in Sources */,
			);
			runOnlyForDeploymentPostprocessing = 0;
		};
/* End PBXSourcesBuildPhase section */

/* Begin PBXTargetDependency section */
		592DEE411A9B26AC00F20EDC /* PBXTargetDependency */ = {
			isa = PBXTargetDependency;
			target = 592DEE251A9B26AC00F20EDC /* TPLAnimatableIconsExample */;
			targetProxy = 592DEE401A9B26AC00F20EDC /* PBXContainerItemProxy */;
		};
/* End PBXTargetDependency section */

/* Begin PBXVariantGroup section */
		592DEE331A9B26AC00F20EDC /* Main.storyboard */ = {
			isa = PBXVariantGroup;
			children = (
				592DEE341A9B26AC00F20EDC /* Base */,
			);
			name = Main.storyboard;
			sourceTree = "<group>";
		};
		592DEE381A9B26AC00F20EDC /* LaunchScreen.xib */ = {
			isa = PBXVariantGroup;
			children = (
				592DEE391A9B26AC00F20EDC /* Base */,
			);
			name = LaunchScreen.xib;
			sourceTree = "<group>";
		};
/* End PBXVariantGroup section */

/* Begin XCBuildConfiguration section */
		592DEE471A9B26AC00F20EDC /* Debug */ = {
			isa = XCBuildConfiguration;
			buildSettings = {
				ALWAYS_SEARCH_USER_PATHS = NO;
				CLANG_CXX_LANGUAGE_STANDARD = "gnu++0x";
				CLANG_CXX_LIBRARY = "libc++";
				CLANG_ENABLE_MODULES = YES;
				CLANG_ENABLE_OBJC_ARC = YES;
				CLANG_WARN_BOOL_CONVERSION = YES;
				CLANG_WARN_CONSTANT_CONVERSION = YES;
				CLANG_WARN_DIRECT_OBJC_ISA_USAGE = YES_ERROR;
				CLANG_WARN_EMPTY_BODY = YES;
				CLANG_WARN_ENUM_CONVERSION = YES;
				CLANG_WARN_INT_CONVERSION = YES;
				CLANG_WARN_OBJC_ROOT_CLASS = YES_ERROR;
				CLANG_WARN_UNREACHABLE_CODE = YES;
				CLANG_WARN__DUPLICATE_METHOD_MATCH = YES;
				"CODE_SIGN_IDENTITY[sdk=iphoneos*]" = "iPhone Developer";
				COPY_PHASE_STRIP = NO;
				ENABLE_STRICT_OBJC_MSGSEND = YES;
				GCC_C_LANGUAGE_STANDARD = gnu99;
				GCC_DYNAMIC_NO_PIC = NO;
				GCC_OPTIMIZATION_LEVEL = 0;
				GCC_PREPROCESSOR_DEFINITIONS = (
					"DEBUG=1",
					"$(inherited)",
				);
				GCC_SYMBOLS_PRIVATE_EXTERN = NO;
				GCC_WARN_64_TO_32_BIT_CONVERSION = YES;
				GCC_WARN_ABOUT_RETURN_TYPE = YES_ERROR;
				GCC_WARN_UNDECLARED_SELECTOR = YES;
				GCC_WARN_UNINITIALIZED_AUTOS = YES_AGGRESSIVE;
				GCC_WARN_UNUSED_FUNCTION = YES;
				GCC_WARN_UNUSED_VARIABLE = YES;
				IPHONEOS_DEPLOYMENT_TARGET = 8.1;
				MTL_ENABLE_DEBUG_INFO = YES;
				ONLY_ACTIVE_ARCH = YES;
				SDKROOT = iphoneos;
				TARGETED_DEVICE_FAMILY = "1,2";
			};
			name = Debug;
		};
		592DEE481A9B26AC00F20EDC /* Release */ = {
			isa = XCBuildConfiguration;
			buildSettings = {
				ALWAYS_SEARCH_USER_PATHS = NO;
				CLANG_CXX_LANGUAGE_STANDARD = "gnu++0x";
				CLANG_CXX_LIBRARY = "libc++";
				CLANG_ENABLE_MODULES = YES;
				CLANG_ENABLE_OBJC_ARC = YES;
				CLANG_WARN_BOOL_CONVERSION = YES;
				CLANG_WARN_CONSTANT_CONVERSION = YES;
				CLANG_WARN_DIRECT_OBJC_ISA_USAGE = YES_ERROR;
				CLANG_WARN_EMPTY_BODY = YES;
				CLANG_WARN_ENUM_CONVERSION = YES;
				CLANG_WARN_INT_CONVERSION = YES;
				CLANG_WARN_OBJC_ROOT_CLASS = YES_ERROR;
				CLANG_WARN_UNREACHABLE_CODE = YES;
				CLANG_WARN__DUPLICATE_METHOD_MATCH = YES;
				"CODE_SIGN_IDENTITY[sdk=iphoneos*]" = "iPhone Developer";
				COPY_PHASE_STRIP = YES;
				ENABLE_NS_ASSERTIONS = NO;
				ENABLE_STRICT_OBJC_MSGSEND = YES;
				GCC_C_LANGUAGE_STANDARD = gnu99;
				GCC_WARN_64_TO_32_BIT_CONVERSION = YES;
				GCC_WARN_ABOUT_RETURN_TYPE = YES_ERROR;
				GCC_WARN_UNDECLARED_SELECTOR = YES;
				GCC_WARN_UNINITIALIZED_AUTOS = YES_AGGRESSIVE;
				GCC_WARN_UNUSED_FUNCTION = YES;
				GCC_WARN_UNUSED_VARIABLE = YES;
				IPHONEOS_DEPLOYMENT_TARGET = 8.1;
				MTL_ENABLE_DEBUG_INFO = NO;
				SDKROOT = iphoneos;
				TARGETED_DEVICE_FAMILY = "1,2";
				VALIDATE_PRODUCT = YES;
			};
			name = Release;
		};
		592DEE4A1A9B26AC00F20EDC /* Debug */ = {
			isa = XCBuildConfiguration;
			buildSettings = {
				ASSETCATALOG_COMPILER_APPICON_NAME = AppIcon;
				INFOPLIST_FILE = TPLAnimatableIconsExample/Info.plist;
				LD_RUNPATH_SEARCH_PATHS = "$(inherited) @executable_path/Frameworks";
				PRODUCT_NAME = "$(TARGET_NAME)";
			};
			name = Debug;
		};
		592DEE4B1A9B26AC00F20EDC /* Release */ = {
			isa = XCBuildConfiguration;
			buildSettings = {
				ASSETCATALOG_COMPILER_APPICON_NAME = AppIcon;
				INFOPLIST_FILE = TPLAnimatableIconsExample/Info.plist;
				LD_RUNPATH_SEARCH_PATHS = "$(inherited) @executable_path/Frameworks";
				PRODUCT_NAME = "$(TARGET_NAME)";
			};
			name = Release;
		};
		592DEE4D1A9B26AC00F20EDC /* Debug */ = {
			isa = XCBuildConfiguration;
			buildSettings = {
				BUNDLE_LOADER = "$(TEST_HOST)";
				FRAMEWORK_SEARCH_PATHS = (
					"$(SDKROOT)/Developer/Library/Frameworks",
					"$(inherited)",
				);
				GCC_PREPROCESSOR_DEFINITIONS = (
					"DEBUG=1",
					"$(inherited)",
				);
				INFOPLIST_FILE = TPLAnimatableIconsExampleTests/Info.plist;
				LD_RUNPATH_SEARCH_PATHS = "$(inherited) @executable_path/Frameworks @loader_path/Frameworks";
				PRODUCT_NAME = "$(TARGET_NAME)";
				TEST_HOST = "$(BUILT_PRODUCTS_DIR)/TPLAnimatableIconsExample.app/TPLAnimatableIconsExample";
			};
			name = Debug;
		};
		592DEE4E1A9B26AC00F20EDC /* Release */ = {
			isa = XCBuildConfiguration;
			buildSettings = {
				BUNDLE_LOADER = "$(TEST_HOST)";
				FRAMEWORK_SEARCH_PATHS = (
					"$(SDKROOT)/Developer/Library/Frameworks",
					"$(inherited)",
				);
				INFOPLIST_FILE = TPLAnimatableIconsExampleTests/Info.plist;
				LD_RUNPATH_SEARCH_PATHS = "$(inherited) @executable_path/Frameworks @loader_path/Frameworks";
				PRODUCT_NAME = "$(TARGET_NAME)";
				TEST_HOST = "$(BUILT_PRODUCTS_DIR)/TPLAnimatableIconsExample.app/TPLAnimatableIconsExample";
			};
			name = Release;
		};
/* End XCBuildConfiguration section */

/* Begin XCConfigurationList section */
		592DEE211A9B26AC00F20EDC /* Build configuration list for PBXProject "TPLAnimatableIconsExample" */ = {
			isa = XCConfigurationList;
			buildConfigurations = (
				592DEE471A9B26AC00F20EDC /* Debug */,
				592DEE481A9B26AC00F20EDC /* Release */,
			);
			defaultConfigurationIsVisible = 0;
			defaultConfigurationName = Release;
		};
		592DEE491A9B26AC00F20EDC /* Build configuration list for PBXNativeTarget "TPLAnimatableIconsExample" */ = {
			isa = XCConfigurationList;
			buildConfigurations = (
				592DEE4A1A9B26AC00F20EDC /* Debug */,
				592DEE4B1A9B26AC00F20EDC /* Release */,
			);
			defaultConfigurationIsVisible = 0;
		};
		592DEE4C1A9B26AC00F20EDC /* Build configuration list for PBXNativeTarget "TPLAnimatableIconsExampleTests" */ = {
			isa = XCConfigurationList;
			buildConfigurations = (
				592DEE4D1A9B26AC00F20EDC /* Debug */,
				592DEE4E1A9B26AC00F20EDC /* Release */,
			);
			defaultConfigurationIsVisible = 0;
		};
/* End XCConfigurationList section */
	};
	rootObject = 592DEE1E1A9B26AC00F20EDC /* Project object */;
}
